<?xml version="1.0" encoding="utf-8"?>
<Project ToolsVersion="4.0" xmlns="http://schemas.microsoft.com/developer/msbuild/2003">
  <ItemGroup>
    <ClCompile Include="..\..\src\sh_V1Comp.cpp">
      <Filter>Source Files</Filter>
    </ClCompile>
    <ClCompile Include="..\..\src\sh_V1.cpp">
      <Filter>Source Files</Filter>
    </ClCompile>
    <ClCompile Include="..\idl\shmodel_typeSK.cc">
      <Filter>Source Files</Filter>
    </ClCompile>
    <ClCompile Include="..\idl\shmodel_typeDynSK.cc">
      <Filter>Source Files</Filter>
    </ClCompile>
  </ItemGroup>
  <ItemGroup>
    <ClInclude Include="..\..\include\sh_V1\sh_V1.h">
      <Filter>Header Files</Filter>
    </ClInclude>
    <ClInclude Include="..\idl\shmodel_type.hh">
      <Filter>Header Files</Filter>
    </ClInclude>
  </ItemGroup>
  <ItemGroup>
    <CustomBuild Include="..\..\src\CMakeLists.txt" />
  </ItemGroup>
  <ItemGroup>
    <Filter Include="Source Files">
      <UniqueIdentifier>{74804327-EEA5-4FDD-A21B-C91F1EAFFDAD}</UniqueIdentifier>
    </Filter>
    <Filter Include="Header Files">
      <UniqueIdentifier>{03FD7BC7-4AF9-4A1A-A3F3-76BD1FD7CDD5}</UniqueIdentifier>
    </Filter>
  </ItemGroup>
</Project>
