Microsoft Visual Studio Solution File, Format Version 11.00
# Visual Studio 2010
Project("{8BC9CEB8-8B4A-11D0-8D11-00A0C91BC942}") = "ALL_BUILD", "ALL_BUILD.vcxproj", "{B3332D0D-F859-47CE-81D3-D0F94B3DAC5F}"
	ProjectSection(ProjectDependencies) = postProject
		{7C467C5E-774F-4F77-843B-9C004EE9CA11} = {7C467C5E-774F-4F77-843B-9C004EE9CA11}
		{EA118150-56B9-4774-8E4B-0D7090043A26} = {EA118150-56B9-4774-8E4B-0D7090043A26}
		{F53C71EB-7FD9-4B7D-928D-D30CD4948E42} = {F53C71EB-7FD9-4B7D-928D-D30CD4948E42}
	EndProjectSection
EndProject
Project("{8BC9CEB8-8B4A-11D0-8D11-00A0C91BC942}") = "ALL_IDL_TGT", "idl\ALL_IDL_TGT.vcxproj", "{F80D5325-ECE9-4169-B152-95CEDAD23B9B}"
	ProjectSection(ProjectDependencies) = postProject
		{7C467C5E-774F-4F77-843B-9C004EE9CA11} = {7C467C5E-774F-4F77-843B-9C004EE9CA11}
		{7400D3B2-0267-44A3-992E-17756B4B9B82} = {7400D3B2-0267-44A3-992E-17756B4B9B82}
	EndProjectSection
EndProject
Project("{8BC9CEB8-8B4A-11D0-8D11-00A0C91BC942}") = "INSTALL", "INSTALL.vcxproj", "{7F71DC4B-8CC2-484F-8AC0-64EC9AA7DED0}"
	ProjectSection(ProjectDependencies) = postProject
		{B3332D0D-F859-47CE-81D3-D0F94B3DAC5F} = {B3332D0D-F859-47CE-81D3-D0F94B3DAC5F}
	EndProjectSection
EndProject
Project("{8BC9CEB8-8B4A-11D0-8D11-00A0C91BC942}") = "PACKAGE", "PACKAGE.vcxproj", "{19094AAA-6BDA-4E0B-AC56-0F263BA7F3A7}"
	ProjectSection(ProjectDependencies) = postProject
		{B3332D0D-F859-47CE-81D3-D0F94B3DAC5F} = {B3332D0D-F859-47CE-81D3-D0F94B3DAC5F}
	EndProjectSection
EndProject
Project("{8BC9CEB8-8B4A-11D0-8D11-00A0C91BC942}") = "ZERO_CHECK", "ZERO_CHECK.vcxproj", "{7C467C5E-774F-4F77-843B-9C004EE9CA11}"
	ProjectSection(ProjectDependencies) = postProject
	EndProjectSection
EndProject
Project("{8BC9CEB8-8B4A-11D0-8D11-00A0C91BC942}") = "doxygen_doc", "doc\doxygen_doc.vcxproj", "{3440F371-E785-4DE2-80B3-00F802EB3EE9}"
	ProjectSection(ProjectDependencies) = postProject
		{7C467C5E-774F-4F77-843B-9C004EE9CA11} = {7C467C5E-774F-4F77-843B-9C004EE9CA11}
	EndProjectSection
EndProject
Project("{8BC9CEB8-8B4A-11D0-8D11-00A0C91BC942}") = "sh_V1", "src\sh_V1.vcxproj", "{EA118150-56B9-4774-8E4B-0D7090043A26}"
	ProjectSection(ProjectDependencies) = postProject
		{F80D5325-ECE9-4169-B152-95CEDAD23B9B} = {F80D5325-ECE9-4169-B152-95CEDAD23B9B}
		{7C467C5E-774F-4F77-843B-9C004EE9CA11} = {7C467C5E-774F-4F77-843B-9C004EE9CA11}
	EndProjectSection
EndProject
Project("{8BC9CEB8-8B4A-11D0-8D11-00A0C91BC942}") = "sh_V1Comp", "src\sh_V1Comp.vcxproj", "{F53C71EB-7FD9-4B7D-928D-D30CD4948E42}"
	ProjectSection(ProjectDependencies) = postProject
		{7C467C5E-774F-4F77-843B-9C004EE9CA11} = {7C467C5E-774F-4F77-843B-9C004EE9CA11}
	EndProjectSection
EndProject
Project("{8BC9CEB8-8B4A-11D0-8D11-00A0C91BC942}") = "shmodel_type_TGT", "idl\shmodel_type_TGT.vcxproj", "{7400D3B2-0267-44A3-992E-17756B4B9B82}"
	ProjectSection(ProjectDependencies) = postProject
		{7C467C5E-774F-4F77-843B-9C004EE9CA11} = {7C467C5E-774F-4F77-843B-9C004EE9CA11}
	EndProjectSection
EndProject
Project("{8BC9CEB8-8B4A-11D0-8D11-00A0C91BC942}") = "uninstall", "uninstall.vcxproj", "{8D661D3C-FE5C-4045-93CA-9A057D821766}"
	ProjectSection(ProjectDependencies) = postProject
		{7C467C5E-774F-4F77-843B-9C004EE9CA11} = {7C467C5E-774F-4F77-843B-9C004EE9CA11}
	EndProjectSection
EndProject
Global
	GlobalSection(SolutionConfigurationPlatforms) = preSolution
		Debug|x64 = Debug|x64
		Release|x64 = Release|x64
		MinSizeRel|x64 = MinSizeRel|x64
		RelWithDebInfo|x64 = RelWithDebInfo|x64
	EndGlobalSection
	GlobalSection(ProjectConfigurationPlatforms) = postSolution
		{B3332D0D-F859-47CE-81D3-D0F94B3DAC5F}.Debug|x64.ActiveCfg = Debug|x64
		{B3332D0D-F859-47CE-81D3-D0F94B3DAC5F}.Debug|x64.Build.0 = Debug|x64
		{B3332D0D-F859-47CE-81D3-D0F94B3DAC5F}.Release|x64.ActiveCfg = Release|x64
		{B3332D0D-F859-47CE-81D3-D0F94B3DAC5F}.Release|x64.Build.0 = Release|x64
		{B3332D0D-F859-47CE-81D3-D0F94B3DAC5F}.MinSizeRel|x64.ActiveCfg = MinSizeRel|x64
		{B3332D0D-F859-47CE-81D3-D0F94B3DAC5F}.MinSizeRel|x64.Build.0 = MinSizeRel|x64
		{B3332D0D-F859-47CE-81D3-D0F94B3DAC5F}.RelWithDebInfo|x64.ActiveCfg = RelWithDebInfo|x64
		{B3332D0D-F859-47CE-81D3-D0F94B3DAC5F}.RelWithDebInfo|x64.Build.0 = RelWithDebInfo|x64
		{F80D5325-ECE9-4169-B152-95CEDAD23B9B}.Debug|x64.ActiveCfg = Debug|x64
		{F80D5325-ECE9-4169-B152-95CEDAD23B9B}.Debug|x64.Build.0 = Debug|x64
		{F80D5325-ECE9-4169-B152-95CEDAD23B9B}.Release|x64.ActiveCfg = Release|x64
		{F80D5325-ECE9-4169-B152-95CEDAD23B9B}.Release|x64.Build.0 = Release|x64
		{F80D5325-ECE9-4169-B152-95CEDAD23B9B}.MinSizeRel|x64.ActiveCfg = MinSizeRel|x64
		{F80D5325-ECE9-4169-B152-95CEDAD23B9B}.MinSizeRel|x64.Build.0 = MinSizeRel|x64
		{F80D5325-ECE9-4169-B152-95CEDAD23B9B}.RelWithDebInfo|x64.ActiveCfg = RelWithDebInfo|x64
		{F80D5325-ECE9-4169-B152-95CEDAD23B9B}.RelWithDebInfo|x64.Build.0 = RelWithDebInfo|x64
		{7F71DC4B-8CC2-484F-8AC0-64EC9AA7DED0}.Debug|x64.ActiveCfg = Debug|x64
		{7F71DC4B-8CC2-484F-8AC0-64EC9AA7DED0}.Release|x64.ActiveCfg = Release|x64
		{7F71DC4B-8CC2-484F-8AC0-64EC9AA7DED0}.MinSizeRel|x64.ActiveCfg = MinSizeRel|x64
		{7F71DC4B-8CC2-484F-8AC0-64EC9AA7DED0}.RelWithDebInfo|x64.ActiveCfg = RelWithDebInfo|x64
		{19094AAA-6BDA-4E0B-AC56-0F263BA7F3A7}.Debug|x64.ActiveCfg = Debug|x64
		{19094AAA-6BDA-4E0B-AC56-0F263BA7F3A7}.Release|x64.ActiveCfg = Release|x64
		{19094AAA-6BDA-4E0B-AC56-0F263BA7F3A7}.MinSizeRel|x64.ActiveCfg = MinSizeRel|x64
		{19094AAA-6BDA-4E0B-AC56-0F263BA7F3A7}.RelWithDebInfo|x64.ActiveCfg = RelWithDebInfo|x64
		{7C467C5E-774F-4F77-843B-9C004EE9CA11}.Debug|x64.ActiveCfg = Debug|x64
		{7C467C5E-774F-4F77-843B-9C004EE9CA11}.Debug|x64.Build.0 = Debug|x64
		{7C467C5E-774F-4F77-843B-9C004EE9CA11}.Release|x64.ActiveCfg = Release|x64
		{7C467C5E-774F-4F77-843B-9C004EE9CA11}.Release|x64.Build.0 = Release|x64
		{7C467C5E-774F-4F77-843B-9C004EE9CA11}.MinSizeRel|x64.ActiveCfg = MinSizeRel|x64
		{7C467C5E-774F-4F77-843B-9C004EE9CA11}.MinSizeRel|x64.Build.0 = MinSizeRel|x64
		{7C467C5E-774F-4F77-843B-9C004EE9CA11}.RelWithDebInfo|x64.ActiveCfg = RelWithDebInfo|x64
		{7C467C5E-774F-4F77-843B-9C004EE9CA11}.RelWithDebInfo|x64.Build.0 = RelWithDebInfo|x64
		{3440F371-E785-4DE2-80B3-00F802EB3EE9}.Debug|x64.ActiveCfg = Debug|x64
		{3440F371-E785-4DE2-80B3-00F802EB3EE9}.Release|x64.ActiveCfg = Release|x64
		{3440F371-E785-4DE2-80B3-00F802EB3EE9}.MinSizeRel|x64.ActiveCfg = MinSizeRel|x64
		{3440F371-E785-4DE2-80B3-00F802EB3EE9}.RelWithDebInfo|x64.ActiveCfg = RelWithDebInfo|x64
		{EA118150-56B9-4774-8E4B-0D7090043A26}.Debug|x64.ActiveCfg = Debug|x64
		{EA118150-56B9-4774-8E4B-0D7090043A26}.Debug|x64.Build.0 = Debug|x64
		{EA118150-56B9-4774-8E4B-0D7090043A26}.Release|x64.ActiveCfg = Release|x64
		{EA118150-56B9-4774-8E4B-0D7090043A26}.Release|x64.Build.0 = Release|x64
		{EA118150-56B9-4774-8E4B-0D7090043A26}.MinSizeRel|x64.ActiveCfg = MinSizeRel|x64
		{EA118150-56B9-4774-8E4B-0D7090043A26}.MinSizeRel|x64.Build.0 = MinSizeRel|x64
		{EA118150-56B9-4774-8E4B-0D7090043A26}.RelWithDebInfo|x64.ActiveCfg = RelWithDebInfo|x64
		{EA118150-56B9-4774-8E4B-0D7090043A26}.RelWithDebInfo|x64.Build.0 = RelWithDebInfo|x64
		{F53C71EB-7FD9-4B7D-928D-D30CD4948E42}.Debug|x64.ActiveCfg = Debug|x64
		{F53C71EB-7FD9-4B7D-928D-D30CD4948E42}.Debug|x64.Build.0 = Debug|x64
		{F53C71EB-7FD9-4B7D-928D-D30CD4948E42}.Release|x64.ActiveCfg = Release|x64
		{F53C71EB-7FD9-4B7D-928D-D30CD4948E42}.Release|x64.Build.0 = Release|x64
		{F53C71EB-7FD9-4B7D-928D-D30CD4948E42}.MinSizeRel|x64.ActiveCfg = MinSizeRel|x64
		{F53C71EB-7FD9-4B7D-928D-D30CD4948E42}.MinSizeRel|x64.Build.0 = MinSizeRel|x64
		{F53C71EB-7FD9-4B7D-928D-D30CD4948E42}.RelWithDebInfo|x64.ActiveCfg = RelWithDebInfo|x64
		{F53C71EB-7FD9-4B7D-928D-D30CD4948E42}.RelWithDebInfo|x64.Build.0 = RelWithDebInfo|x64
		{7400D3B2-0267-44A3-992E-17756B4B9B82}.Debug|x64.ActiveCfg = Debug|x64
		{7400D3B2-0267-44A3-992E-17756B4B9B82}.Debug|x64.Build.0 = Debug|x64
		{7400D3B2-0267-44A3-992E-17756B4B9B82}.Release|x64.ActiveCfg = Release|x64
		{7400D3B2-0267-44A3-992E-17756B4B9B82}.Release|x64.Build.0 = Release|x64
		{7400D3B2-0267-44A3-992E-17756B4B9B82}.MinSizeRel|x64.ActiveCfg = MinSizeRel|x64
		{7400D3B2-0267-44A3-992E-17756B4B9B82}.MinSizeRel|x64.Build.0 = MinSizeRel|x64
		{7400D3B2-0267-44A3-992E-17756B4B9B82}.RelWithDebInfo|x64.ActiveCfg = RelWithDebInfo|x64
		{7400D3B2-0267-44A3-992E-17756B4B9B82}.RelWithDebInfo|x64.Build.0 = RelWithDebInfo|x64
		{8D661D3C-FE5C-4045-93CA-9A057D821766}.Debug|x64.ActiveCfg = Debug|x64
		{8D661D3C-FE5C-4045-93CA-9A057D821766}.Release|x64.ActiveCfg = Release|x64
		{8D661D3C-FE5C-4045-93CA-9A057D821766}.MinSizeRel|x64.ActiveCfg = MinSizeRel|x64
		{8D661D3C-FE5C-4045-93CA-9A057D821766}.RelWithDebInfo|x64.ActiveCfg = RelWithDebInfo|x64
	EndGlobalSection
	GlobalSection(ExtensibilityGlobals) = postSolution
	EndGlobalSection
	GlobalSection(ExtensibilityAddIns) = postSolution
	EndGlobalSection
EndGlobal
