<?xml version="1.0" encoding="utf-8"?>
<Project ToolsVersion="4.0" xmlns="http://schemas.microsoft.com/developer/msbuild/2003">
  <ItemGroup>
    <CustomBuild Include="..\..\idl\CMakeLists.txt" />
    <CustomBuild Include="..\CMakeFiles\e209b74eebe971d26888381aabbc564a\ALL_IDL_TGT.rule">
      <Filter>CMake Rules</Filter>
    </CustomBuild>
  </ItemGroup>
  <ItemGroup>
    <None Include="CMakeFiles\ALL_IDL_TGT" />
  </ItemGroup>
  <ItemGroup>
    <Filter Include="CMake Rules">
      <UniqueIdentifier>{FD7DE3ED-539C-4989-905B-AA458280A3A3}</UniqueIdentifier>
    </Filter>
  </ItemGroup>
</Project>
